
Microsoft Visual Studio Solution File, Format Version 12.00
# Visual Studio Version 17
VisualStudioVersion = 17.8.34309.116
MinimumVisualStudioVersion = 10.0.40219.1
Project("{FAE04EC0-301F-11D3-BF4B-00C04F79EFBC}") = "WebviewTest01", "WebviewTest01\WebviewTest01.csproj", "{ABFAC773-85E7-463B-B315-DE8CE9C3891B}"
EndProject
Global
	GlobalSection(SolutionConfigurationPlatforms) = preSolution
		Debug|Any CPU = Debug|Any CPU
		Release|Any CPU = Release|Any CPU
	EndGlobalSection
	GlobalSection(ProjectConfigurationPlatforms) = postSolution
		{ABFAC773-85E7-463B-B315-DE8CE9C3891B}.Debug|Any CPU.ActiveCfg = Debug|Any CPU
		{ABFAC773-85E7-463B-B315-DE8CE9C3891B}.Debug|Any CPU.Build.0 = Debug|Any CPU
		{ABFAC773-85E7-463B-B315-DE8CE9C3891B}.Release|Any CPU.ActiveCfg = Release|Any CPU
		{ABFAC773-85E7-463B-B315-DE8CE9C3891B}.Release|Any CPU.Build.0 = Release|Any CPU
	EndGlobalSection
	GlobalSection(SolutionProperties) = preSolution
		HideSolutionNode = FALSE
	EndGlobalSection
	GlobalSection(ExtensibilityGlobals) = postSolution
		SolutionGuid = {72746764-A099-499E-B2CE-72CA8ACB1D11}
	EndGlobalSection
EndGlobal
