
Microsoft Visual Studio Solution File, Format Version 12.00
# Visual Studio Version 16
VisualStudioVersion = 16.0.32510.428
MinimumVisualStudioVersion = 10.0.40219.1
Project("{FAE04EC0-301F-11D3-BF4B-00C04F79EFBC}") = "WpfApp1", "WpfApp1\WpfApp1.csproj", "{99279814-D0A5-4EC0-8A43-049B97A05A8B}"
EndProject
Global
	GlobalSection(SolutionConfigurationPlatforms) = preSolution
		Debug|Any CPU = Debug|Any CPU
		Release|Any CPU = Release|Any CPU
	EndGlobalSection
	GlobalSection(ProjectConfigurationPlatforms) = postSolution
		{99279814-D0A5-4EC0-8A43-049B97A05A8B}.Debug|Any CPU.ActiveCfg = Debug|Any CPU
		{99279814-D0A5-4EC0-8A43-049B97A05A8B}.Debug|Any CPU.Build.0 = Debug|Any CPU
		{99279814-D0A5-4EC0-8A43-049B97A05A8B}.Release|Any CPU.ActiveCfg = Release|Any CPU
		{99279814-D0A5-4EC0-8A43-049B97A05A8B}.Release|Any CPU.Build.0 = Release|Any CPU
	EndGlobalSection
	GlobalSection(SolutionProperties) = preSolution
		HideSolutionNode = FALSE
	EndGlobalSection
	GlobalSection(ExtensibilityGlobals) = postSolution
		SolutionGuid = {77BBD3AB-12EF-4100-BB09-1FAC0A9D5493}
	EndGlobalSection
EndGlobal
